{
  "version": 1,
  "requirements": {
    "@aviorstudio/gd-session": "v0.0.4"
  },
  "addons": {
    "@aviorstudio/gd-session@v0.0.4": {
      "name": "@aviorstudio/gd-session",
      "tag": "v0.0.4",
      "github_owner": "aviorstudio",
      "github_repo": "gd-session",
      "github_release_id": 408650348,
      "commit_sha": "03360b1f153e46c9b0bb798b5472dbaa8a1ea892",
      "asset_id": 627012912,
      "asset_name": "@aviorstudio_gd-session.zip",
      "asset_digest": "sha256:b45aa562f092c784889ba2f49c001039d3dbf581b2c20d93d2eac5d89c4616ca",
      "published_at": "2026-10-10T04:39:28Z",
      "prerelease": false,
      "editor_plugin": false,
      "installs": [
        {
          "path": "addons/@aviorstudio_gd-session",
          "required_by": [
            "gdam.json"
          ]
        }
      ]
    }
  }
}
